
Microsoft Visual Studio Solution File, Format Version 12.00
# Visual Studio Version 16
VisualStudioVersion = 16.0.28729.10
MinimumVisualStudioVersion = 10.0.40219.1
Project("{FAE04EC0-301F-11D3-BF4B-00C04F79EFBC}") = "FastHashSetTestsExtra", "FastHashSetTestsExtra.csproj", "{BE23D537-9CFB-4711-B7D5-CF22395062DC}"
EndProject
Project("{FAE04EC0-301F-11D3-BF4B-00C04F79EFBC}") = "FastHashSet", "..\FastHashSet\FastHashSet.csproj", "{A99BFA31-0806-4E83-82CC-C50A0A5D1B55}"
EndProject
Global
	GlobalSection(SolutionConfigurationPlatforms) = preSolution
		Debug|Any CPU = Debug|Any CPU
		Release|Any CPU = Release|Any CPU
	EndGlobalSection
	GlobalSection(ProjectConfigurationPlatforms) = postSolution
		{BE23D537-9CFB-4711-B7D5-CF22395062DC}.Debug|Any CPU.ActiveCfg = Debug|Any CPU
		{BE23D537-9CFB-4711-B7D5-CF22395062DC}.Debug|Any CPU.Build.0 = Debug|Any CPU
		{BE23D537-9CFB-4711-B7D5-CF22395062DC}.Release|Any CPU.ActiveCfg = Release|Any CPU
		{BE23D537-9CFB-4711-B7D5-CF22395062DC}.Release|Any CPU.Build.0 = Release|Any CPU
		{A99BFA31-0806-4E83-82CC-C50A0A5D1B55}.Debug|Any CPU.ActiveCfg = Debug|Any CPU
		{A99BFA31-0806-4E83-82CC-C50A0A5D1B55}.Debug|Any CPU.Build.0 = Debug|Any CPU
		{A99BFA31-0806-4E83-82CC-C50A0A5D1B55}.Release|Any CPU.ActiveCfg = Release|Any CPU
		{A99BFA31-0806-4E83-82CC-C50A0A5D1B55}.Release|Any CPU.Build.0 = Release|Any CPU
	EndGlobalSection
	GlobalSection(SolutionProperties) = preSolution
		HideSolutionNode = FALSE
	EndGlobalSection
	GlobalSection(ExtensibilityGlobals) = postSolution
		SolutionGuid = {5BECDDB1-8E31-4A57-8462-39F4A114FAC1}
	EndGlobalSection
EndGlobal
